PODS:
  - Realm (2.8.3):
    - Realm/Headers (= 2.8.3)
  - Realm/Headers (2.8.3)
  - RealmSwift (2.8.3):
    - Realm (= 2.8.3)
  - SwiftHSVColorPicker (1.1.1)
  - VisualEffectView (2.0.4)

DEPENDENCIES:
  - RealmSwift
  - SwiftHSVColorPicker
  - VisualEffectView

SPEC CHECKSUMS:
  Realm: 3601ef091c8c499a31101d8563b991e75546cdce
  RealmSwift: 8183818515471b01a99abdd2970f8e4fd52b6f4a
  SwiftHSVColorPicker: 69c9028dea168e0f8ee2439d31a899cf1df95678
  VisualEffectView: 38e6dd10e7cef1155c53b099b458b78bcab52cef

PODFILE CHECKSUM: b0a75031d940137d09b44a53a4b3d574b74646a6

COCOAPODS: 1.2.1
