// !$*UTF8*$!
{
	archiveVersion = 1;
	classes = {
	};
	objectVersion = 46;
	objects = {

/* Begin PBXBuildFile section */
		33F4EDE549E4639653C7ED1C /* SideView.swift in Sources */ = {isa = PBXBuildFile; fileRef = 33F4E8A5B0D9CC07BA9140D9 /* SideView.swift */; };
		74F7BB8FAE3CEB8A706D697D /* Pods_glacInit.framework in Frameworks */ = {isa = PBXBuildFile; fileRef = D1FF6EEF7E87E90F7E13CB4E /* Pods_glacInit.framework */; };
		753A2D7141F89F7141A3E06B /* Pods_glacInitTests.framework in Frameworks */ = {isa = PBXBuildFile; fileRef = 5954356F73D8C979F42E4B76 /* Pods_glacInitTests.framework */; };
		7752F65B1E50020A003ACC5F /* AppDelegate.swift in Sources */ = {isa = PBXBuildFile; fileRef = 7752F65A1E50020A003ACC5F /* AppDelegate.swift */; };
		7752F65D1E50020A003ACC5F /* ViewController.swift in Sources */ = {isa = PBXBuildFile; fileRef = 7752F65C1E50020A003ACC5F /* ViewController.swift */; };
		7752F6601E50020A003ACC5F /* Main.storyboard in Resources */ = {isa = PBXBuildFile; fileRef = 7752F65E1E50020A003ACC5F /* Main.storyboard */; };
		7752F6621E50020A003ACC5F /* Assets.xcassets in Resources */ = {isa = PBXBuildFile; fileRef = 7752F6611E50020A003ACC5F /* Assets.xcassets */; };
		7752F6651E50020A003ACC5F /* LaunchScreen.storyboard in Resources */ = {isa = PBXBuildFile; fileRef = 7752F6631E50020A003ACC5F /* LaunchScreen.storyboard */; };
		7752F6701E50020A003ACC5F /* glacInitTests.swift in Sources */ = {isa = PBXBuildFile; fileRef = 7752F66F1E50020A003ACC5F /* glacInitTests.swift */; };
		7752F67B1E50020A003ACC5F /* glacInitUITests.swift in Sources */ = {isa = PBXBuildFile; fileRef = 7752F67A1E50020A003ACC5F /* glacInitUITests.swift */; };
		8536404FE714EB1674500C2A /* Pods_glacInitUITests.framework in Frameworks */ = {isa = PBXBuildFile; fileRef = 671CC94F97E866EBB5CBE4E6 /* Pods_glacInitUITests.framework */; };
/* End PBXBuildFile section */

/* Begin PBXContainerItemProxy section */
		7752F66C1E50020A003ACC5F /* PBXContainerItemProxy */ = {
			isa = PBXContainerItemProxy;
			containerPortal = 7752F64F1E50020A003ACC5F /* Project object */;
			proxyType = 1;
			remoteGlobalIDString = 7752F6561E50020A003ACC5F;
			remoteInfo = glacInit;
		};
		7752F6771E50020A003ACC5F /* PBXContainerItemProxy */ = {
			isa = PBXContainerItemProxy;
			containerPortal = 7752F64F1E50020A003ACC5F /* Project object */;
			proxyType = 1;
			remoteGlobalIDString = 7752F6561E50020A003ACC5F;
			remoteInfo = glacInit;
		};
/* End PBXContainerItemProxy section */

/* Begin PBXFileReference section */
		08843755EC2939FFFE785AB5 /* Pods-glacInitUITests.release.xcconfig */ = {isa = PBXFileReference; includeInIndex = 1; lastKnownFileType = text.xcconfig; name = "Pods-glacInitUITests.release.xcconfig"; path = "Pods/Target Support Files/Pods-glacInitUITests/Pods-glacInitUITests.release.xcconfig"; sourceTree = "<group>"; };
		33F4E8A5B0D9CC07BA9140D9 /* SideView.swift */ = {isa = PBXFileReference; fileEncoding = 4; lastKnownFileType = sourcecode.swift; path = SideView.swift; sourceTree = "<group>"; };
		3D970461C6AD33F91841D653 /* Pods-glacInit.debug.xcconfig */ = {isa = PBXFileReference; includeInIndex = 1; lastKnownFileType = text.xcconfig; name = "Pods-glacInit.debug.xcconfig"; path = "Pods/Target Support Files/Pods-glacInit/Pods-glacInit.debug.xcconfig"; sourceTree = "<group>"; };
		4811ECE61C227719ADCE1745 /* Pods-glacInit.release.xcconfig */ = {isa = PBXFileReference; includeInIndex = 1; lastKnownFileType = text.xcconfig; name = "Pods-glacInit.release.xcconfig"; path = "Pods/Target Support Files/Pods-glacInit/Pods-glacInit.release.xcconfig"; sourceTree = "<group>"; };
		5760E2D06B454BB71A67455E /* Pods-glacInitTests.release.xcconfig */ = {isa = PBXFileReference; includeInIndex = 1; lastKnownFileType = text.xcconfig; name = "Pods-glacInitTests.release.xcconfig"; path = "Pods/Target Support Files/Pods-glacInitTests/Pods-glacInitTests.release.xcconfig"; sourceTree = "<group>"; };
		5954356F73D8C979F42E4B76 /* Pods_glacInitTests.framework */ = {isa = PBXFileReference; explicitFileType = wrapper.framework; includeInIndex = 0; path = Pods_glacInitTests.framework; sourceTree = BUILT_PRODUCTS_DIR; };
		671CC94F97E866EBB5CBE4E6 /* Pods_glacInitUITests.framework */ = {isa = PBXFileReference; explicitFileType = wrapper.framework; includeInIndex = 0; path = Pods_glacInitUITests.framework; sourceTree = BUILT_PRODUCTS_DIR; };
		7752F6571E50020A003ACC5F /* glacInit.app */ = {isa = PBXFileReference; explicitFileType = wrapper.application; includeInIndex = 0; path = glacInit.app; sourceTree = BUILT_PRODUCTS_DIR; };
		7752F65A1E50020A003ACC5F /* AppDelegate.swift */ = {isa = PBXFileReference; lastKnownFileType = sourcecode.swift; path = AppDelegate.swift; sourceTree = "<group>"; };
		7752F65C1E50020A003ACC5F /* ViewController.swift */ = {isa = PBXFileReference; lastKnownFileType = sourcecode.swift; path = ViewController.swift; sourceTree = "<group>"; };
		7752F65F1E50020A003ACC5F /* Base */ = {isa = PBXFileReference; lastKnownFileType = file.storyboard; name = Base; path = Base.lproj/Main.storyboard; sourceTree = "<group>"; };
		7752F6611E50020A003ACC5F /* Assets.xcassets */ = {isa = PBXFileReference; lastKnownFileType = folder.assetcatalog; path = Assets.xcassets; sourceTree = "<group>"; };
		7752F6641E50020A003ACC5F /* Base */ = {isa = PBXFileReference; lastKnownFileType = file.storyboard; name = Base; path = Base.lproj/LaunchScreen.storyboard; sourceTree = "<group>"; };
		7752F6661E50020A003ACC5F /* Info.plist */ = {isa = PBXFileReference; lastKnownFileType = text.plist.xml; path = Info.plist; sourceTree = "<group>"; };
		7752F66B1E50020A003ACC5F /* glacInitTests.xctest */ = {isa = PBXFileReference; explicitFileType = wrapper.cfbundle; includeInIndex = 0; path = glacInitTests.xctest; sourceTree = BUILT_PRODUCTS_DIR; };
		7752F66F1E50020A003ACC5F /* glacInitTests.swift */ = {isa = PBXFileReference; lastKnownFileType = sourcecode.swift; path = glacInitTests.swift; sourceTree = "<group>"; };
		7752F6711E50020A003ACC5F /* Info.plist */ = {isa = PBXFileReference; lastKnownFileType = text.plist.xml; path = Info.plist; sourceTree = "<group>"; };
		7752F6761E50020A003ACC5F /* glacInitUITests.xctest */ = {isa = PBXFileReference; explicitFileType = wrapper.cfbundle; includeInIndex = 0; path = glacInitUITests.xctest; sourceTree = BUILT_PRODUCTS_DIR; };
		7752F67A1E50020A003ACC5F /* glacInitUITests.swift */ = {isa = PBXFileReference; lastKnownFileType = sourcecode.swift; path = glacInitUITests.swift; sourceTree = "<group>"; };
		7752F67C1E50020A003ACC5F /* Info.plist */ = {isa = PBXFileReference; lastKnownFileType = text.plist.xml; path = Info.plist; sourceTree = "<group>"; };
		9912BB1BC35276704E37FFEF /* Pods-glacInitUITests.debug.xcconfig */ = {isa = PBXFileReference; includeInIndex = 1; lastKnownFileType = text.xcconfig; name = "Pods-glacInitUITests.debug.xcconfig"; path = "Pods/Target Support Files/Pods-glacInitUITests/Pods-glacInitUITests.debug.xcconfig"; sourceTree = "<group>"; };
		D1FF6EEF7E87E90F7E13CB4E /* Pods_glacInit.framework */ = {isa = PBXFileReference; explicitFileType = wrapper.framework; includeInIndex = 0; path = Pods_glacInit.framework; sourceTree = BUILT_PRODUCTS_DIR; };
		E3E6FF3B170AD72899324664 /* Pods-glacInitTests.debug.xcconfig */ = {isa = PBXFileReference; includeInIndex = 1; lastKnownFileType = text.xcconfig; name = "Pods-glacInitTests.debug.xcconfig"; path = "Pods/Target Support Files/Pods-glacInitTests/Pods-glacInitTests.debug.xcconfig"; sourceTree = "<group>"; };
/* End PBXFileReference section */

/* Begin PBXFrameworksBuildPhase section */
		7752F6541E50020A003ACC5F /* Frameworks */ = {
			isa = PBXFrameworksBuildPhase;
			buildActionMask = 2147483647;
			files = (
				74F7BB8FAE3CEB8A706D697D /* Pods_glacInit.framework in Frameworks */,
			);
			runOnlyForDeploymentPostprocessing = 0;
		};
		7752F6681E50020A003ACC5F /* Frameworks */ = {
			isa = PBXFrameworksBuildPhase;
			buildActionMask = 2147483647;
			files = (
				753A2D7141F89F7141A3E06B /* Pods_glacInitTests.framework in Frameworks */,
			);
			runOnlyForDeploymentPostprocessing = 0;
		};
		7752F6731E50020A003ACC5F /* Frameworks */ = {
			isa = PBXFrameworksBuildPhase;
			buildActionMask = 2147483647;
			files = (
				8536404FE714EB1674500C2A /* Pods_glacInitUITests.framework in Frameworks */,
			);
			runOnlyForDeploymentPostprocessing = 0;
		};
/* End PBXFrameworksBuildPhase section */

/* Begin PBXGroup section */
		5E697DDCC56BE1E1A81A68DD /* Pods */ = {
			isa = PBXGroup;
			children = (
				3D970461C6AD33F91841D653 /* Pods-glacInit.debug.xcconfig */,
				4811ECE61C227719ADCE1745 /* Pods-glacInit.release.xcconfig */,
				E3E6FF3B170AD72899324664 /* Pods-glacInitTests.debug.xcconfig */,
				5760E2D06B454BB71A67455E /* Pods-glacInitTests.release.xcconfig */,
				9912BB1BC35276704E37FFEF /* Pods-glacInitUITests.debug.xcconfig */,
				08843755EC2939FFFE785AB5 /* Pods-glacInitUITests.release.xcconfig */,
			);
			name = Pods;
			sourceTree = "<group>";
		};
		7752F64E1E50020A003ACC5F = {
			isa = PBXGroup;
			children = (
				7752F6591E50020A003ACC5F /* glacInit */,
				7752F66E1E50020A003ACC5F /* glacInitTests */,
				7752F6791E50020A003ACC5F /* glacInitUITests */,
				7752F6581E50020A003ACC5F /* Products */,
				5E697DDCC56BE1E1A81A68DD /* Pods */,
				E80B65CBA42D1B1C7CB5EA34 /* Frameworks */,
			);
			sourceTree = "<group>";
		};
		7752F6581E50020A003ACC5F /* Products */ = {
			isa = PBXGroup;
			children = (
				7752F6571E50020A003ACC5F /* glacInit.app */,
				7752F66B1E50020A003ACC5F /* glacInitTests.xctest */,
				7752F6761E50020A003ACC5F /* glacInitUITests.xctest */,
			);
			name = Products;
			sourceTree = "<group>";
		};
		7752F6591E50020A003ACC5F /* glacInit */ = {
			isa = PBXGroup;
			children = (
				7752F65A1E50020A003ACC5F /* AppDelegate.swift */,
				7752F65C1E50020A003ACC5F /* ViewController.swift */,
				7752F65E1E50020A003ACC5F /* Main.storyboard */,
				7752F6611E50020A003ACC5F /* Assets.xcassets */,
				7752F6631E50020A003ACC5F /* LaunchScreen.storyboard */,
				7752F6661E50020A003ACC5F /* Info.plist */,
				33F4E8A5B0D9CC07BA9140D9 /* SideView.swift */,
			);
			path = glacInit;
			sourceTree = "<group>";
		};
		7752F66E1E50020A003ACC5F /* glacInitTests */ = {
			isa = PBXGroup;
			children = (
				7752F66F1E50020A003ACC5F /* glacInitTests.swift */,
				7752F6711E50020A003ACC5F /* Info.plist */,
			);
			path = glacInitTests;
			sourceTree = "<group>";
		};
		7752F6791E50020A003ACC5F /* glacInitUITests */ = {
			isa = PBXGroup;
			children = (
				7752F67A1E50020A003ACC5F /* glacInitUITests.swift */,
				7752F67C1E50020A003ACC5F /* Info.plist */,
			);
			path = glacInitUITests;
			sourceTree = "<group>";
		};
		E80B65CBA42D1B1C7CB5EA34 /* Frameworks */ = {
			isa = PBXGroup;
			children = (
				D1FF6EEF7E87E90F7E13CB4E /* Pods_glacInit.framework */,
				5954356F73D8C979F42E4B76 /* Pods_glacInitTests.framework */,
				671CC94F97E866EBB5CBE4E6 /* Pods_glacInitUITests.framework */,
			);
			name = Frameworks;
			sourceTree = "<group>";
		};
/* End PBXGroup section */

/* Begin PBXNativeTarget section */
		7752F6561E50020A003ACC5F /* glacInit */ = {
			isa = PBXNativeTarget;
			buildConfigurationList = 7752F67F1E50020A003ACC5F /* Build configuration list for PBXNativeTarget "glacInit" */;
			buildPhases = (
				65151007BBC67F2209F140D3 /* [CP] Check Pods Manifest.lock */,
				7752F6531E50020A003ACC5F /* Sources */,
				7752F6541E50020A003ACC5F /* Frameworks */,
				7752F6551E50020A003ACC5F /* Resources */,
				CA1CD510280F62E30CB199B5 /* [CP] Embed Pods Frameworks */,
				6AE08E698E095988DE2D5627 /* [CP] Copy Pods Resources */,
			);
			buildRules = (
			);
			dependencies = (
			);
			name = glacInit;
			productName = glacInit;
			productReference = 7752F6571E50020A003ACC5F /* glacInit.app */;
			productType = "com.apple.product-type.application";
		};
		7752F66A1E50020A003ACC5F /* glacInitTests */ = {
			isa = PBXNativeTarget;
			buildConfigurationList = 7752F6821E50020A003ACC5F /* Build configuration list for PBXNativeTarget "glacInitTests" */;
			buildPhases = (
				E867B9574F17D946696A12EC /* [CP] Check Pods Manifest.lock */,
				7752F6671E50020A003ACC5F /* Sources */,
				7752F6681E50020A003ACC5F /* Frameworks */,
				7752F6691E50020A003ACC5F /* Resources */,
				F1157B2261DB5F9CDFF557DF /* [CP] Embed Pods Frameworks */,
				F5F7372BBD3D67C315874115 /* [CP] Copy Pods Resources */,
			);
			buildRules = (
			);
			dependencies = (
				7752F66D1E50020A003ACC5F /* PBXTargetDependency */,
			);
			name = glacInitTests;
			productName = glacInitTests;
			productReference = 7752F66B1E50020A003ACC5F /* glacInitTests.xctest */;
			productType = "com.apple.product-type.bundle.unit-test";
		};
		7752F6751E50020A003ACC5F /* glacInitUITests */ = {
			isa = PBXNativeTarget;
			buildConfigurationList = 7752F6851E50020A003ACC5F /* Build configuration list for PBXNativeTarget "glacInitUITests" */;
			buildPhases = (
				B5B45D06EDFF86D7D694288D /* [CP] Check Pods Manifest.lock */,
				7752F6721E50020A003ACC5F /* Sources */,
				7752F6731E50020A003ACC5F /* Frameworks */,
				7752F6741E50020A003ACC5F /* Resources */,
				9AF6D5A090B421EC0A82A856 /* [CP] Embed Pods Frameworks */,
				636492C51AF283900751984B /* [CP] Copy Pods Resources */,
			);
			buildRules = (
			);
			dependencies = (
				7752F6781E50020A003ACC5F /* PBXTargetDependency */,
			);
			name = glacInitUITests;
			productName = glacInitUITests;
			productReference = 7752F6761E50020A003ACC5F /* glacInitUITests.xctest */;
			productType = "com.apple.product-type.bundle.ui-testing";
		};
/* End PBXNativeTarget section */

/* Begin PBXProject section */
		7752F64F1E50020A003ACC5F /* Project object */ = {
			isa = PBXProject;
			attributes = {
				LastSwiftUpdateCheck = 0820;
				LastUpgradeCheck = 0820;
				ORGANIZATIONNAME = "Parshav Chauhan";
				TargetAttributes = {
					7752F6561E50020A003ACC5F = {
						CreatedOnToolsVersion = 8.2.1;
						DevelopmentTeam = 489C84LLEE;
						ProvisioningStyle = Automatic;
					};
					7752F66A1E50020A003ACC5F = {
						CreatedOnToolsVersion = 8.2.1;
						ProvisioningStyle = Automatic;
						TestTargetID = 7752F6561E50020A003ACC5F;
					};
					7752F6751E50020A003ACC5F = {
						CreatedOnToolsVersion = 8.2.1;
						ProvisioningStyle = Automatic;
						TestTargetID = 7752F6561E50020A003ACC5F;
					};
				};
			};
			buildConfigurationList = 7752F6521E50020A003ACC5F /* Build configuration list for PBXProject "glacInit" */;
			compatibilityVersion = "Xcode 3.2";
			developmentRegion = English;
			hasScannedForEncodings = 0;
			knownRegions = (
				en,
				Base,
			);
			mainGroup = 7752F64E1E50020A003ACC5F;
			productRefGroup = 7752F6581E50020A003ACC5F /* Products */;
			projectDirPath = "";
			projectRoot = "";
			targets = (
				7752F6561E50020A003ACC5F /* glacInit */,
				7752F66A1E50020A003ACC5F /* glacInitTests */,
				7752F6751E50020A003ACC5F /* glacInitUITests */,
			);
		};
/* End PBXProject section */

/* Begin PBXResourcesBuildPhase section */
		7752F6551E50020A003ACC5F /* Resources */ = {
			isa = PBXResourcesBuildPhase;
			buildActionMask = 2147483647;
			files = (
				7752F6651E50020A003ACC5F /* LaunchScreen.storyboard in Resources */,
				7752F6621E50020A003ACC5F /* Assets.xcassets in Resources */,
				7752F6601E50020A003ACC5F /* Main.storyboard in Resources */,
			);
			runOnlyForDeploymentPostprocessing = 0;
		};
		7752F6691E50020A003ACC5F /* Resources */ = {
			isa = PBXResourcesBuildPhase;
			buildActionMask = 2147483647;
			files = (
			);
			runOnlyForDeploymentPostprocessing = 0;
		};
		7752F6741E50020A003ACC5F /* Resources */ = {
			isa = PBXResourcesBuildPhase;
			buildActionMask = 2147483647;
			files = (
			);
			runOnlyForDeploymentPostprocessing = 0;
		};
/* End PBXResourcesBuildPhase section */

/* Begin PBXShellScriptBuildPhase section */
		636492C51AF283900751984B /* [CP] Copy Pods Resources */ = {
			isa = PBXShellScriptBuildPhase;
			buildActionMask = 2147483647;
			files = (
			);
			inputPaths = (
			);
			name = "[CP] Copy Pods Resources";
			outputPaths = (
			);
			runOnlyForDeploymentPostprocessing = 0;
			shellPath = /bin/sh;
			shellScript = "\"${SRCROOT}/Pods/Target Support Files/Pods-glacInitUITests/Pods-glacInitUITests-resources.sh\"\n";
			showEnvVarsInLog = 0;
		};
		65151007BBC67F2209F140D3 /* [CP] Check Pods Manifest.lock */ = {
			isa = PBXShellScriptBuildPhase;
			buildActionMask = 2147483647;
			files = (
			);
			inputPaths = (
			);
			name = "[CP] Check Pods Manifest.lock";
			outputPaths = (
			);
			runOnlyForDeploymentPostprocessing = 0;
			shellPath = /bin/sh;
			shellScript = "diff \"${PODS_ROOT}/../Podfile.lock\" \"${PODS_ROOT}/Manifest.lock\" > /dev/null\nif [ $? != 0 ] ; then\n    # print error to STDERR\n    echo \"error: The sandbox is not in sync with the Podfile.lock. Run 'pod install' or update your CocoaPods installation.\" >&2\n    exit 1\nfi\n";
			showEnvVarsInLog = 0;
		};
		6AE08E698E095988DE2D5627 /* [CP] Copy Pods Resources */ = {
			isa = PBXShellScriptBuildPhase;
			buildActionMask = 2147483647;
			files = (
			);
			inputPaths = (
			);
			name = "[CP] Copy Pods Resources";
			outputPaths = (
			);
			runOnlyForDeploymentPostprocessing = 0;
			shellPath = /bin/sh;
			shellScript = "\"${SRCROOT}/Pods/Target Support Files/Pods-glacInit/Pods-glacInit-resources.sh\"\n";
			showEnvVarsInLog = 0;
		};
		9AF6D5A090B421EC0A82A856 /* [CP] Embed Pods Frameworks */ = {
			isa = PBXShellScriptBuildPhase;
			buildActionMask = 2147483647;
			files = (
			);
			inputPaths = (
			);
			name = "[CP] Embed Pods Frameworks";
			outputPaths = (
			);
			runOnlyForDeploymentPostprocessing = 0;
			shellPath = /bin/sh;
			shellScript = "\"${SRCROOT}/Pods/Target Support Files/Pods-glacInitUITests/Pods-glacInitUITests-frameworks.sh\"\n";
			showEnvVarsInLog = 0;
		};
		B5B45D06EDFF86D7D694288D /* [CP] Check Pods Manifest.lock */ = {
			isa = PBXShellScriptBuildPhase;
			buildActionMask = 2147483647;
			files = (
			);
			inputPaths = (
			);
			name = "[CP] Check Pods Manifest.lock";
			outputPaths = (
			);
			runOnlyForDeploymentPostprocessing = 0;
			shellPath = /bin/sh;
			shellScript = "diff \"${PODS_ROOT}/../Podfile.lock\" \"${PODS_ROOT}/Manifest.lock\" > /dev/null\nif [ $? != 0 ] ; then\n    # print error to STDERR\n    echo \"error: The sandbox is not in sync with the Podfile.lock. Run 'pod install' or update your CocoaPods installation.\" >&2\n    exit 1\nfi\n";
			showEnvVarsInLog = 0;
		};
		CA1CD510280F62E30CB199B5 /* [CP] Embed Pods Frameworks */ = {
			isa = PBXShellScriptBuildPhase;
			buildActionMask = 2147483647;
			files = (
			);
			inputPaths = (
			);
			name = "[CP] Embed Pods Frameworks";
			outputPaths = (
			);
			runOnlyForDeploymentPostprocessing = 0;
			shellPath = /bin/sh;
			shellScript = "\"${SRCROOT}/Pods/Target Support Files/Pods-glacInit/Pods-glacInit-frameworks.sh\"\n";
			showEnvVarsInLog = 0;
		};
		E867B9574F17D946696A12EC /* [CP] Check Pods Manifest.lock */ = {
			isa = PBXShellScriptBuildPhase;
			buildActionMask = 2147483647;
			files = (
			);
			inputPaths = (
			);
			name = "[CP] Check Pods Manifest.lock";
			outputPaths = (
			);
			runOnlyForDeploymentPostprocessing = 0;
			shellPath = /bin/sh;
			shellScript = "diff \"${PODS_ROOT}/../Podfile.lock\" \"${PODS_ROOT}/Manifest.lock\" > /dev/null\nif [ $? != 0 ] ; then\n    # print error to STDERR\n    echo \"error: The sandbox is not in sync with the Podfile.lock. Run 'pod install' or update your CocoaPods installation.\" >&2\n    exit 1\nfi\n";
			showEnvVarsInLog = 0;
		};
		F1157B2261DB5F9CDFF557DF /* [CP] Embed Pods Frameworks */ = {
			isa = PBXShellScriptBuildPhase;
			buildActionMask = 2147483647;
			files = (
			);
			inputPaths = (
			);
			name = "[CP] Embed Pods Frameworks";
			outputPaths = (
			);
			runOnlyForDeploymentPostprocessing = 0;
			shellPath = /bin/sh;
			shellScript = "\"${SRCROOT}/Pods/Target Support Files/Pods-glacInitTests/Pods-glacInitTests-frameworks.sh\"\n";
			showEnvVarsInLog = 0;
		};
		F5F7372BBD3D67C315874115 /* [CP] Copy Pods Resources */ = {
			isa = PBXShellScriptBuildPhase;
			buildActionMask = 2147483647;
			files = (
			);
			inputPaths = (
			);
			name = "[CP] Copy Pods Resources";
			outputPaths = (
			);
			runOnlyForDeploymentPostprocessing = 0;
			shellPath = /bin/sh;
			shellScript = "\"${SRCROOT}/Pods/Target Support Files/Pods-glacInitTests/Pods-glacInitTests-resources.sh\"\n";
			showEnvVarsInLog = 0;
		};
/* End PBXShellScriptBuildPhase section */

/* Begin PBXSourcesBuildPhase section */
		7752F6531E50020A003ACC5F /* Sources */ = {
			isa = PBXSourcesBuildPhase;
			buildActionMask = 2147483647;
			files = (
				7752F65D1E50020A003ACC5F /* ViewController.swift in Sources */,
				7752F65B1E50020A003ACC5F /* AppDelegate.swift in Sources */,
				33F4EDE549E4639653C7ED1C /* SideView.swift in Sources */,
			);
			runOnlyForDeploymentPostprocessing = 0;
		};
		7752F6671E50020A003ACC5F /* Sources */ = {
			isa = PBXSourcesBuildPhase;
			buildActionMask = 2147483647;
			files = (
				7752F6701E50020A003ACC5F /* glacInitTests.swift in Sources */,
			);
			runOnlyForDeploymentPostprocessing = 0;
		};
		7752F6721E50020A003ACC5F /* Sources */ = {
			isa = PBXSourcesBuildPhase;
			buildActionMask = 2147483647;
			files = (
				7752F67B1E50020A003ACC5F /* glacInitUITests.swift in Sources */,
			);
			runOnlyForDeploymentPostprocessing = 0;
		};
/* End PBXSourcesBuildPhase section */

/* Begin PBXTargetDependency section */
		7752F66D1E50020A003ACC5F /* PBXTargetDependency */ = {
			isa = PBXTargetDependency;
			target = 7752F6561E50020A003ACC5F /* glacInit */;
			targetProxy = 7752F66C1E50020A003ACC5F /* PBXContainerItemProxy */;
		};
		7752F6781E50020A003ACC5F /* PBXTargetDependency */ = {
			isa = PBXTargetDependency;
			target = 7752F6561E50020A003ACC5F /* glacInit */;
			targetProxy = 7752F6771E50020A003ACC5F /* PBXContainerItemProxy */;
		};
/* End PBXTargetDependency section */

/* Begin PBXVariantGroup section */
		7752F65E1E50020A003ACC5F /* Main.storyboard */ = {
			isa = PBXVariantGroup;
			children = (
				7752F65F1E50020A003ACC5F /* Base */,
			);
			name = Main.storyboard;
			sourceTree = "<group>";
		};
		7752F6631E50020A003ACC5F /* LaunchScreen.storyboard */ = {
			isa = PBXVariantGroup;
			children = (
				7752F6641E50020A003ACC5F /* Base */,
			);
			name = LaunchScreen.storyboard;
			sourceTree = "<group>";
		};
/* End PBXVariantGroup section */

/* Begin XCBuildConfiguration section */
		7752F67D1E50020A003ACC5F /* Debug */ = {
			isa = XCBuildConfiguration;
			buildSettings = {
				ALWAYS_SEARCH_USER_PATHS = NO;
				CLANG_ANALYZER_NONNULL = YES;
				CLANG_CXX_LANGUAGE_STANDARD = "gnu++0x";
				CLANG_CXX_LIBRARY = "libc++";
				CLANG_ENABLE_MODULES = YES;
				CLANG_ENABLE_OBJC_ARC = YES;
				CLANG_WARN_BOOL_CONVERSION = YES;
				CLANG_WARN_CONSTANT_CONVERSION = YES;
				CLANG_WARN_DIRECT_OBJC_ISA_USAGE = YES_ERROR;
				CLANG_WARN_DOCUMENTATION_COMMENTS = YES;
				CLANG_WARN_EMPTY_BODY = YES;
				CLANG_WARN_ENUM_CONVERSION = YES;
				CLANG_WARN_INFINITE_RECURSION = YES;
				CLANG_WARN_INT_CONVERSION = YES;
				CLANG_WARN_OBJC_ROOT_CLASS = YES_ERROR;
				CLANG_WARN_SUSPICIOUS_MOVE = YES;
				CLANG_WARN_UNREACHABLE_CODE = YES;
				CLANG_WARN__DUPLICATE_METHOD_MATCH = YES;
				"CODE_SIGN_IDENTITY[sdk=iphoneos*]" = "iPhone Developer";
				COPY_PHASE_STRIP = NO;
				DEBUG_INFORMATION_FORMAT = dwarf;
				ENABLE_STRICT_OBJC_MSGSEND = YES;
				ENABLE_TESTABILITY = YES;
				GCC_C_LANGUAGE_STANDARD = gnu99;
				GCC_DYNAMIC_NO_PIC = NO;
				GCC_NO_COMMON_BLOCKS = YES;
				GCC_OPTIMIZATION_LEVEL = 0;
				GCC_PREPROCESSOR_DEFINITIONS = (
					"DEBUG=1",
					"$(inherited)",
				);
				GCC_WARN_64_TO_32_BIT_CONVERSION = YES;
				GCC_WARN_ABOUT_RETURN_TYPE = YES_ERROR;
				GCC_WARN_UNDECLARED_SELECTOR = YES;
				GCC_WARN_UNINITIALIZED_AUTOS = YES_AGGRESSIVE;
				GCC_WARN_UNUSED_FUNCTION = YES;
				GCC_WARN_UNUSED_VARIABLE = YES;
				IPHONEOS_DEPLOYMENT_TARGET = 10.2;
				MTL_ENABLE_DEBUG_INFO = YES;
				ONLY_ACTIVE_ARCH = YES;
				SDKROOT = iphoneos;
				SWIFT_ACTIVE_COMPILATION_CONDITIONS = DEBUG;
				SWIFT_OPTIMIZATION_LEVEL = "-Onone";
				TARGETED_DEVICE_FAMILY = "1,2";
			};
			name = Debug;
		};
		7752F67E1E50020A003ACC5F /* Release */ = {
			isa = XCBuildConfiguration;
			buildSettings = {
				ALWAYS_SEARCH_USER_PATHS = NO;
				CLANG_ANALYZER_NONNULL = YES;
				CLANG_CXX_LANGUAGE_STANDARD = "gnu++0x";
				CLANG_CXX_LIBRARY = "libc++";
				CLANG_ENABLE_MODULES = YES;
				CLANG_ENABLE_OBJC_ARC = YES;
				CLANG_WARN_BOOL_CONVERSION = YES;
				CLANG_WARN_CONSTANT_CONVERSION = YES;
				CLANG_WARN_DIRECT_OBJC_ISA_USAGE = YES_ERROR;
				CLANG_WARN_DOCUMENTATION_COMMENTS = YES;
				CLANG_WARN_EMPTY_BODY = YES;
				CLANG_WARN_ENUM_CONVERSION = YES;
				CLANG_WARN_INFINITE_RECURSION = YES;
				CLANG_WARN_INT_CONVERSION = YES;
				CLANG_WARN_OBJC_ROOT_CLASS = YES_ERROR;
				CLANG_WARN_SUSPICIOUS_MOVE = YES;
				CLANG_WARN_UNREACHABLE_CODE = YES;
				CLANG_WARN__DUPLICATE_METHOD_MATCH = YES;
				"CODE_SIGN_IDENTITY[sdk=iphoneos*]" = "iPhone Developer";
				COPY_PHASE_STRIP = NO;
				DEBUG_INFORMATION_FORMAT = "dwarf-with-dsym";
				ENABLE_NS_ASSERTIONS = NO;
				ENABLE_STRICT_OBJC_MSGSEND = YES;
				GCC_C_LANGUAGE_STANDARD = gnu99;
				GCC_NO_COMMON_BLOCKS = YES;
				GCC_WARN_64_TO_32_BIT_CONVERSION = YES;
				GCC_WARN_ABOUT_RETURN_TYPE = YES_ERROR;
				GCC_WARN_UNDECLARED_SELECTOR = YES;
				GCC_WARN_UNINITIALIZED_AUTOS = YES_AGGRESSIVE;
				GCC_WARN_UNUSED_FUNCTION = YES;
				GCC_WARN_UNUSED_VARIABLE = YES;
				IPHONEOS_DEPLOYMENT_TARGET = 10.2;
				MTL_ENABLE_DEBUG_INFO = NO;
				SDKROOT = iphoneos;
				SWIFT_OPTIMIZATION_LEVEL = "-Owholemodule";
				TARGETED_DEVICE_FAMILY = "1,2";
				VALIDATE_PRODUCT = YES;
			};
			name = Release;
		};
		7752F6801E50020A003ACC5F /* Debug */ = {
			isa = XCBuildConfiguration;
			baseConfigurationReference = 3D970461C6AD33F91841D653 /* Pods-glacInit.debug.xcconfig */;
			buildSettings = {
				ASSETCATALOG_COMPILER_APPICON_NAME = AppIcon;
				DEVELOPMENT_TEAM = 489C84LLEE;
				INFOPLIST_FILE = glacInit/Info.plist;
				LD_RUNPATH_SEARCH_PATHS = "$(inherited) @executable_path/Frameworks";
				PRODUCT_BUNDLE_IDENTIFIER = com.pvc.glacInit;
				PRODUCT_NAME = "$(TARGET_NAME)";
				SWIFT_VERSION = 3.0;
			};
			name = Debug;
		};
		7752F6811E50020A003ACC5F /* Release */ = {
			isa = XCBuildConfiguration;
			baseConfigurationReference = 4811ECE61C227719ADCE1745 /* Pods-glacInit.release.xcconfig */;
			buildSettings = {
				ASSETCATALOG_COMPILER_APPICON_NAME = AppIcon;
				DEVELOPMENT_TEAM = 489C84LLEE;
				INFOPLIST_FILE = glacInit/Info.plist;
				LD_RUNPATH_SEARCH_PATHS = "$(inherited) @executable_path/Frameworks";
				PRODUCT_BUNDLE_IDENTIFIER = com.pvc.glacInit;
				PRODUCT_NAME = "$(TARGET_NAME)";
				SWIFT_VERSION = 3.0;
			};
			name = Release;
		};
		7752F6831E50020A003ACC5F /* Debug */ = {
			isa = XCBuildConfiguration;
			baseConfigurationReference = E3E6FF3B170AD72899324664 /* Pods-glacInitTests.debug.xcconfig */;
			buildSettings = {
				ALWAYS_EMBED_SWIFT_STANDARD_LIBRARIES = YES;
				BUNDLE_LOADER = "$(TEST_HOST)";
				INFOPLIST_FILE = glacInitTests/Info.plist;
				LD_RUNPATH_SEARCH_PATHS = "$(inherited) @executable_path/Frameworks @loader_path/Frameworks";
				PRODUCT_BUNDLE_IDENTIFIER = com.pvc.glacInitTests;
				PRODUCT_NAME = "$(TARGET_NAME)";
				SWIFT_VERSION = 3.0;
				TEST_HOST = "$(BUILT_PRODUCTS_DIR)/glacInit.app/glacInit";
			};
			name = Debug;
		};
		7752F6841E50020A003ACC5F /* Release */ = {
			isa = XCBuildConfiguration;
			baseConfigurationReference = 5760E2D06B454BB71A67455E /* Pods-glacInitTests.release.xcconfig */;
			buildSettings = {
				ALWAYS_EMBED_SWIFT_STANDARD_LIBRARIES = YES;
				BUNDLE_LOADER = "$(TEST_HOST)";
				INFOPLIST_FILE = glacInitTests/Info.plist;
				LD_RUNPATH_SEARCH_PATHS = "$(inherited) @executable_path/Frameworks @loader_path/Frameworks";
				PRODUCT_BUNDLE_IDENTIFIER = com.pvc.glacInitTests;
				PRODUCT_NAME = "$(TARGET_NAME)";
				SWIFT_VERSION = 3.0;
				TEST_HOST = "$(BUILT_PRODUCTS_DIR)/glacInit.app/glacInit";
			};
			name = Release;
		};
		7752F6861E50020A003ACC5F /* Debug */ = {
			isa = XCBuildConfiguration;
			baseConfigurationReference = 9912BB1BC35276704E37FFEF /* Pods-glacInitUITests.debug.xcconfig */;
			buildSettings = {
				ALWAYS_EMBED_SWIFT_STANDARD_LIBRARIES = YES;
				INFOPLIST_FILE = glacInitUITests/Info.plist;
				LD_RUNPATH_SEARCH_PATHS = "$(inherited) @executable_path/Frameworks @loader_path/Frameworks";
				PRODUCT_BUNDLE_IDENTIFIER = com.pvc.glacInitUITests;
				PRODUCT_NAME = "$(TARGET_NAME)";
				SWIFT_VERSION = 3.0;
				TEST_TARGET_NAME = glacInit;
			};
			name = Debug;
		};
		7752F6871E50020A003ACC5F /* Release */ = {
			isa = XCBuildConfiguration;
			baseConfigurationReference = 08843755EC2939FFFE785AB5 /* Pods-glacInitUITests.release.xcconfig */;
			buildSettings = {
				ALWAYS_EMBED_SWIFT_STANDARD_LIBRARIES = YES;
				INFOPLIST_FILE = glacInitUITests/Info.plist;
				LD_RUNPATH_SEARCH_PATHS = "$(inherited) @executable_path/Frameworks @loader_path/Frameworks";
				PRODUCT_BUNDLE_IDENTIFIER = com.pvc.glacInitUITests;
				PRODUCT_NAME = "$(TARGET_NAME)";
				SWIFT_VERSION = 3.0;
				TEST_TARGET_NAME = glacInit;
			};
			name = Release;
		};
/* End XCBuildConfiguration section */

/* Begin XCConfigurationList section */
		7752F6521E50020A003ACC5F /* Build configuration list for PBXProject "glacInit" */ = {
			isa = XCConfigurationList;
			buildConfigurations = (
				7752F67D1E50020A003ACC5F /* Debug */,
				7752F67E1E50020A003ACC5F /* Release */,
			);
			defaultConfigurationIsVisible = 0;
			defaultConfigurationName = Release;
		};
		7752F67F1E50020A003ACC5F /* Build configuration list for PBXNativeTarget "glacInit" */ = {
			isa = XCConfigurationList;
			buildConfigurations = (
				7752F6801E50020A003ACC5F /* Debug */,
				7752F6811E50020A003ACC5F /* Release */,
			);
			defaultConfigurationIsVisible = 0;
		};
		7752F6821E50020A003ACC5F /* Build configuration list for PBXNativeTarget "glacInitTests" */ = {
			isa = XCConfigurationList;
			buildConfigurations = (
				7752F6831E50020A003ACC5F /* Debug */,
				7752F6841E50020A003ACC5F /* Release */,
			);
			defaultConfigurationIsVisible = 0;
		};
		7752F6851E50020A003ACC5F /* Build configuration list for PBXNativeTarget "glacInitUITests" */ = {
			isa = XCConfigurationList;
			buildConfigurations = (
				7752F6861E50020A003ACC5F /* Debug */,
				7752F6871E50020A003ACC5F /* Release */,
			);
			defaultConfigurationIsVisible = 0;
		};
/* End XCConfigurationList section */
	};
	rootObject = 7752F64F1E50020A003ACC5F /* Project object */;
}
