// !$*UTF8*$!
{
	archiveVersion = 1;
	classes = {
	};
	objectVersion = 46;
	objects = {

/* Begin PBXBuildFile section */
		030BE09D1F7C1E1F00012B3C /* Regex.swift in Sources */ = {isa = PBXBuildFile; fileRef = 030BE09C1F7C1E1F00012B3C /* Regex.swift */; };
		030BE09F1F7C1E3000012B3C /* Matrix.swift in Sources */ = {isa = PBXBuildFile; fileRef = 030BE09E1F7C1E3000012B3C /* Matrix.swift */; };
		0FD24FC8BEB7454FD0814B55 /* Pods_glacInit.framework in Frameworks */ = {isa = PBXBuildFile; fileRef = D1FF6EEF7E87E90F7E13CB4E /* Pods_glacInit.framework */; };
		2132E47922D38E2600734063 /* importFile.swift in Sources */ = {isa = PBXBuildFile; fileRef = 2132E47822D38E2600734063 /* importFile.swift */; };
		2132E47F22D3FAF300734063 /* LoadedImageViewController.swift in Sources */ = {isa = PBXBuildFile; fileRef = 2132E47E22D3FAF300734063 /* LoadedImageViewController.swift */; };
		2132E48122D3FCD200734063 /* UIExtensions.swift in Sources */ = {isa = PBXBuildFile; fileRef = 2132E48022D3FCD200734063 /* UIExtensions.swift */; };
		2132E48322D3FD1700734063 /* UIGenerics.swift in Sources */ = {isa = PBXBuildFile; fileRef = 2132E48222D3FD1700734063 /* UIGenerics.swift */; };
		21A6BB1022CA837D009CDAD3 /* ObjectModel.swift in Sources */ = {isa = PBXBuildFile; fileRef = 21A6BB0F22CA837D009CDAD3 /* ObjectModel.swift */; };
		21A6BB1822CA9422009CDAD3 /* BackgroundChangeController.swift in Sources */ = {isa = PBXBuildFile; fileRef = 21A6BB1722CA9422009CDAD3 /* BackgroundChangeController.swift */; };
		21A6BB1A22CAB19D009CDAD3 /* backgroundImage.swift in Sources */ = {isa = PBXBuildFile; fileRef = 21A6BB1922CAB19D009CDAD3 /* backgroundImage.swift */; };
		21A6BB1C22CAB714009CDAD3 /* imageCell.swift in Sources */ = {isa = PBXBuildFile; fileRef = 21A6BB1B22CAB714009CDAD3 /* imageCell.swift */; };
		21BA7FB322CCE6AF003DC229 /* Default-568h@2x.png in Resources */ = {isa = PBXBuildFile; fileRef = 21BA7FB222CCE6AF003DC229 /* Default-568h@2x.png */; };
		21C36EEF22DF71F2009FE967 /* fileDownloadModel.swift in Sources */ = {isa = PBXBuildFile; fileRef = 21C36EEE22DF71F2009FE967 /* fileDownloadModel.swift */; };
		21E13B0022CC0FB300429F58 /* SubImage.swift in Sources */ = {isa = PBXBuildFile; fileRef = 21E13AFF22CC0FB300429F58 /* SubImage.swift */; };
		21E14243228CBF1A004657BA /* FileObject.swift in Sources */ = {isa = PBXBuildFile; fileRef = 21E14242228CBF1A004657BA /* FileObject.swift */; };
		21E14245228CBF23004657BA /* Session.swift in Sources */ = {isa = PBXBuildFile; fileRef = 21E14244228CBF22004657BA /* Session.swift */; };
		21E2B1FA22D79DAE009FD72D /* TitleRegex.swift in Sources */ = {isa = PBXBuildFile; fileRef = 21E2B1F922D79DAE009FD72D /* TitleRegex.swift */; };
		21E2B20022DE6683009FD72D /* Networking.swift in Sources */ = {isa = PBXBuildFile; fileRef = 21E2B1FF22DE6683009FD72D /* Networking.swift */; };
		743AAF1E1EF17AFB00EF1745 /* CustomToggle.swift in Sources */ = {isa = PBXBuildFile; fileRef = 743AAF1D1EF17AFB00EF1745 /* CustomToggle.swift */; };
		743AAF201EF2F33700EF1745 /* CustomGreyView.swift in Sources */ = {isa = PBXBuildFile; fileRef = 743AAF1F1EF2F33700EF1745 /* CustomGreyView.swift */; };
		74BB907D1EDDDC2500628B38 /* CustomObject.swift in Sources */ = {isa = PBXBuildFile; fileRef = 74BB907C1EDDDC2500628B38 /* CustomObject.swift */; };
		74BCAC401F2A41F000CBA0CF /* PatientData.swift in Sources */ = {isa = PBXBuildFile; fileRef = 74BCAC3F1F2A41F000CBA0CF /* PatientData.swift */; };
		74D4067D1EEB5235004F5901 /* CustomViewUpdate.swift in Sources */ = {isa = PBXBuildFile; fileRef = 74D4067C1EEB5235004F5901 /* CustomViewUpdate.swift */; };
		74E768561F2A2F8500F2FD9C /* CustomPoint.swift in Sources */ = {isa = PBXBuildFile; fileRef = 74E768551F2A2F8500F2FD9C /* CustomPoint.swift */; };
		753A2D7141F89F7141A3E06B /* Pods_glacInitTests.framework in Frameworks */ = {isa = PBXBuildFile; fileRef = 5954356F73D8C979F42E4B76 /* Pods_glacInitTests.framework */; };
		7752F65B1E50020A003ACC5F /* AppDelegate.swift in Sources */ = {isa = PBXBuildFile; fileRef = 7752F65A1E50020A003ACC5F /* AppDelegate.swift */; };
		7752F65D1E50020A003ACC5F /* ViewController.swift in Sources */ = {isa = PBXBuildFile; fileRef = 7752F65C1E50020A003ACC5F /* ViewController.swift */; };
		7752F6601E50020A003ACC5F /* Main.storyboard in Resources */ = {isa = PBXBuildFile; fileRef = 7752F65E1E50020A003ACC5F /* Main.storyboard */; };
		7752F6621E50020A003ACC5F /* Assets.xcassets in Resources */ = {isa = PBXBuildFile; fileRef = 7752F6611E50020A003ACC5F /* Assets.xcassets */; };
		7752F6651E50020A003ACC5F /* LaunchScreen.storyboard in Resources */ = {isa = PBXBuildFile; fileRef = 7752F6631E50020A003ACC5F /* LaunchScreen.storyboard */; };
		7752F6701E50020A003ACC5F /* glacInitTests.swift in Sources */ = {isa = PBXBuildFile; fileRef = 7752F66F1E50020A003ACC5F /* glacInitTests.swift */; };
		7752F67B1E50020A003ACC5F /* glacInitUITests.swift in Sources */ = {isa = PBXBuildFile; fileRef = 7752F67A1E50020A003ACC5F /* glacInitUITests.swift */; };
		77D171D11EAFA0EC00B008B5 /* Extentions.swift in Sources */ = {isa = PBXBuildFile; fileRef = 77D171D01EAFA0EC00B008B5 /* Extentions.swift */; };
		8536404FE714EB1674500C2A /* Pods_glacInitUITests.framework in Frameworks */ = {isa = PBXBuildFile; fileRef = 671CC94F97E866EBB5CBE4E6 /* Pods_glacInitUITests.framework */; };
/* End PBXBuildFile section */

/* Begin PBXContainerItemProxy section */
		7752F66C1E50020A003ACC5F /* PBXContainerItemProxy */ = {
			isa = PBXContainerItemProxy;
			containerPortal = 7752F64F1E50020A003ACC5F /* Project object */;
			proxyType = 1;
			remoteGlobalIDString = 7752F6561E50020A003ACC5F;
			remoteInfo = glacInit;
		};
		7752F6771E50020A003ACC5F /* PBXContainerItemProxy */ = {
			isa = PBXContainerItemProxy;
			containerPortal = 7752F64F1E50020A003ACC5F /* Project object */;
			proxyType = 1;
			remoteGlobalIDString = 7752F6561E50020A003ACC5F;
			remoteInfo = glacInit;
		};
/* End PBXContainerItemProxy section */

/* Begin PBXFileReference section */
		030BE09C1F7C1E1F00012B3C /* Regex.swift */ = {isa = PBXFileReference; fileEncoding = 4; lastKnownFileType = sourcecode.swift; path = Regex.swift; sourceTree = "<group>"; };
		030BE09E1F7C1E3000012B3C /* Matrix.swift */ = {isa = PBXFileReference; fileEncoding = 4; lastKnownFileType = sourcecode.swift; path = Matrix.swift; sourceTree = "<group>"; };
		08843755EC2939FFFE785AB5 /* Pods-glacInitUITests.release.xcconfig */ = {isa = PBXFileReference; includeInIndex = 1; lastKnownFileType = text.xcconfig; name = "Pods-glacInitUITests.release.xcconfig"; path = "Pods/Target Support Files/Pods-glacInitUITests/Pods-glacInitUITests.release.xcconfig"; sourceTree = "<group>"; };
		2132E47822D38E2600734063 /* importFile.swift */ = {isa = PBXFileReference; lastKnownFileType = sourcecode.swift; path = importFile.swift; sourceTree = "<group>"; };
		2132E47E22D3FAF300734063 /* LoadedImageViewController.swift */ = {isa = PBXFileReference; lastKnownFileType = sourcecode.swift; path = LoadedImageViewController.swift; sourceTree = "<group>"; };
		2132E48022D3FCD200734063 /* UIExtensions.swift */ = {isa = PBXFileReference; lastKnownFileType = sourcecode.swift; path = UIExtensions.swift; sourceTree = "<group>"; };
		2132E48222D3FD1700734063 /* UIGenerics.swift */ = {isa = PBXFileReference; lastKnownFileType = sourcecode.swift; path = UIGenerics.swift; sourceTree = "<group>"; };
		21A6BB0F22CA837D009CDAD3 /* ObjectModel.swift */ = {isa = PBXFileReference; lastKnownFileType = sourcecode.swift; path = ObjectModel.swift; sourceTree = "<group>"; };
		21A6BB1722CA9422009CDAD3 /* BackgroundChangeController.swift */ = {isa = PBXFileReference; lastKnownFileType = sourcecode.swift; path = BackgroundChangeController.swift; sourceTree = "<group>"; };
		21A6BB1922CAB19D009CDAD3 /* backgroundImage.swift */ = {isa = PBXFileReference; lastKnownFileType = sourcecode.swift; path = backgroundImage.swift; sourceTree = "<group>"; };
		21A6BB1B22CAB714009CDAD3 /* imageCell.swift */ = {isa = PBXFileReference; lastKnownFileType = sourcecode.swift; path = imageCell.swift; sourceTree = "<group>"; };
		21BA7FB222CCE6AF003DC229 /* Default-568h@2x.png */ = {isa = PBXFileReference; lastKnownFileType = image.png; path = "Default-568h@2x.png"; sourceTree = "<group>"; };
		21C36EEE22DF71F2009FE967 /* fileDownloadModel.swift */ = {isa = PBXFileReference; lastKnownFileType = sourcecode.swift; path = fileDownloadModel.swift; sourceTree = "<group>"; };
		21E13AFF22CC0FB300429F58 /* SubImage.swift */ = {isa = PBXFileReference; lastKnownFileType = sourcecode.swift; path = SubImage.swift; sourceTree = "<group>"; };
		21E14242228CBF1A004657BA /* FileObject.swift */ = {isa = PBXFileReference; fileEncoding = 4; lastKnownFileType = sourcecode.swift; path = FileObject.swift; sourceTree = "<group>"; };
		21E14244228CBF22004657BA /* Session.swift */ = {isa = PBXFileReference; fileEncoding = 4; lastKnownFileType = sourcecode.swift; path = Session.swift; sourceTree = "<group>"; };
		21E2B1F922D79DAE009FD72D /* TitleRegex.swift */ = {isa = PBXFileReference; lastKnownFileType = sourcecode.swift; path = TitleRegex.swift; sourceTree = "<group>"; };
		21E2B1FB22DD0155009FD72D /* glacInit-Bridging-Header.h */ = {isa = PBXFileReference; lastKnownFileType = sourcecode.c.h; path = "glacInit-Bridging-Header.h"; sourceTree = "<group>"; };
		21E2B1FF22DE6683009FD72D /* Networking.swift */ = {isa = PBXFileReference; lastKnownFileType = sourcecode.swift; path = Networking.swift; sourceTree = "<group>"; };
		3D970461C6AD33F91841D653 /* Pods-glacInit.debug.xcconfig */ = {isa = PBXFileReference; includeInIndex = 1; lastKnownFileType = text.xcconfig; name = "Pods-glacInit.debug.xcconfig"; path = "Pods/Target Support Files/Pods-glacInit/Pods-glacInit.debug.xcconfig"; sourceTree = "<group>"; };
		4811ECE61C227719ADCE1745 /* Pods-glacInit.release.xcconfig */ = {isa = PBXFileReference; includeInIndex = 1; lastKnownFileType = text.xcconfig; name = "Pods-glacInit.release.xcconfig"; path = "Pods/Target Support Files/Pods-glacInit/Pods-glacInit.release.xcconfig"; sourceTree = "<group>"; };
		5760E2D06B454BB71A67455E /* Pods-glacInitTests.release.xcconfig */ = {isa = PBXFileReference; includeInIndex = 1; lastKnownFileType = text.xcconfig; name = "Pods-glacInitTests.release.xcconfig"; path = "Pods/Target Support Files/Pods-glacInitTests/Pods-glacInitTests.release.xcconfig"; sourceTree = "<group>"; };
		5954356F73D8C979F42E4B76 /* Pods_glacInitTests.framework */ = {isa = PBXFileReference; explicitFileType = wrapper.framework; includeInIndex = 0; path = Pods_glacInitTests.framework; sourceTree = BUILT_PRODUCTS_DIR; };
		671CC94F97E866EBB5CBE4E6 /* Pods_glacInitUITests.framework */ = {isa = PBXFileReference; explicitFileType = wrapper.framework; includeInIndex = 0; path = Pods_glacInitUITests.framework; sourceTree = BUILT_PRODUCTS_DIR; };
		743AAF1D1EF17AFB00EF1745 /* CustomToggle.swift */ = {isa = PBXFileReference; fileEncoding = 4; lastKnownFileType = sourcecode.swift; path = CustomToggle.swift; sourceTree = "<group>"; };
		743AAF1F1EF2F33700EF1745 /* CustomGreyView.swift */ = {isa = PBXFileReference; fileEncoding = 4; lastKnownFileType = sourcecode.swift; path = CustomGreyView.swift; sourceTree = "<group>"; };
		74BB907C1EDDDC2500628B38 /* CustomObject.swift */ = {isa = PBXFileReference; fileEncoding = 4; lastKnownFileType = sourcecode.swift; path = CustomObject.swift; sourceTree = "<group>"; };
		74BCAC3F1F2A41F000CBA0CF /* PatientData.swift */ = {isa = PBXFileReference; fileEncoding = 4; lastKnownFileType = sourcecode.swift; path = PatientData.swift; sourceTree = "<group>"; };
		74D4067C1EEB5235004F5901 /* CustomViewUpdate.swift */ = {isa = PBXFileReference; fileEncoding = 4; lastKnownFileType = sourcecode.swift; path = CustomViewUpdate.swift; sourceTree = "<group>"; };
		74E768551F2A2F8500F2FD9C /* CustomPoint.swift */ = {isa = PBXFileReference; fileEncoding = 4; lastKnownFileType = sourcecode.swift; path = CustomPoint.swift; sourceTree = "<group>"; };
		7752F6571E50020A003ACC5F /* glacInit.app */ = {isa = PBXFileReference; explicitFileType = wrapper.application; includeInIndex = 0; path = glacInit.app; sourceTree = BUILT_PRODUCTS_DIR; };
		7752F65A1E50020A003ACC5F /* AppDelegate.swift */ = {isa = PBXFileReference; lastKnownFileType = sourcecode.swift; path = AppDelegate.swift; sourceTree = "<group>"; };
		7752F65C1E50020A003ACC5F /* ViewController.swift */ = {isa = PBXFileReference; lastKnownFileType = sourcecode.swift; path = ViewController.swift; sourceTree = "<group>"; };
		7752F65F1E50020A003ACC5F /* Base */ = {isa = PBXFileReference; lastKnownFileType = file.storyboard; name = Base; path = Base.lproj/Main.storyboard; sourceTree = "<group>"; };
		7752F6611E50020A003ACC5F /* Assets.xcassets */ = {isa = PBXFileReference; lastKnownFileType = folder.assetcatalog; path = Assets.xcassets; sourceTree = "<group>"; };
		7752F6641E50020A003ACC5F /* Base */ = {isa = PBXFileReference; lastKnownFileType = file.storyboard; name = Base; path = Base.lproj/LaunchScreen.storyboard; sourceTree = "<group>"; };
		7752F6661E50020A003ACC5F /* Info.plist */ = {isa = PBXFileReference; lastKnownFileType = text.plist.xml; path = Info.plist; sourceTree = "<group>"; };
		7752F66B1E50020A003ACC5F /* glacInitTests.xctest */ = {isa = PBXFileReference; explicitFileType = wrapper.cfbundle; includeInIndex = 0; path = glacInitTests.xctest; sourceTree = BUILT_PRODUCTS_DIR; };
		7752F66F1E50020A003ACC5F /* glacInitTests.swift */ = {isa = PBXFileReference; lastKnownFileType = sourcecode.swift; path = glacInitTests.swift; sourceTree = "<group>"; };
		7752F6711E50020A003ACC5F /* Info.plist */ = {isa = PBXFileReference; lastKnownFileType = text.plist.xml; path = Info.plist; sourceTree = "<group>"; };
		7752F6761E50020A003ACC5F /* glacInitUITests.xctest */ = {isa = PBXFileReference; explicitFileType = wrapper.cfbundle; includeInIndex = 0; path = glacInitUITests.xctest; sourceTree = BUILT_PRODUCTS_DIR; };
		7752F67A1E50020A003ACC5F /* glacInitUITests.swift */ = {isa = PBXFileReference; lastKnownFileType = sourcecode.swift; path = glacInitUITests.swift; sourceTree = "<group>"; };
		7752F67C1E50020A003ACC5F /* Info.plist */ = {isa = PBXFileReference; lastKnownFileType = text.plist.xml; path = Info.plist; sourceTree = "<group>"; };
		77D171D01EAFA0EC00B008B5 /* Extentions.swift */ = {isa = PBXFileReference; fileEncoding = 4; lastKnownFileType = sourcecode.swift; path = Extentions.swift; sourceTree = "<group>"; };
		9912BB1BC35276704E37FFEF /* Pods-glacInitUITests.debug.xcconfig */ = {isa = PBXFileReference; includeInIndex = 1; lastKnownFileType = text.xcconfig; name = "Pods-glacInitUITests.debug.xcconfig"; path = "Pods/Target Support Files/Pods-glacInitUITests/Pods-glacInitUITests.debug.xcconfig"; sourceTree = "<group>"; };
		D1FF6EEF7E87E90F7E13CB4E /* Pods_glacInit.framework */ = {isa = PBXFileReference; explicitFileType = wrapper.framework; includeInIndex = 0; path = Pods_glacInit.framework; sourceTree = BUILT_PRODUCTS_DIR; };
		E3E6FF3B170AD72899324664 /* Pods-glacInitTests.debug.xcconfig */ = {isa = PBXFileReference; includeInIndex = 1; lastKnownFileType = text.xcconfig; name = "Pods-glacInitTests.debug.xcconfig"; path = "Pods/Target Support Files/Pods-glacInitTests/Pods-glacInitTests.debug.xcconfig"; sourceTree = "<group>"; };
/* End PBXFileReference section */

/* Begin PBXFrameworksBuildPhase section */
		7752F6541E50020A003ACC5F /* Frameworks */ = {
			isa = PBXFrameworksBuildPhase;
			buildActionMask = 2147483647;
			files = (
				0FD24FC8BEB7454FD0814B55 /* Pods_glacInit.framework in Frameworks */,
			);
			runOnlyForDeploymentPostprocessing = 0;
		};
		7752F6681E50020A003ACC5F /* Frameworks */ = {
			isa = PBXFrameworksBuildPhase;
			buildActionMask = 2147483647;
			files = (
				753A2D7141F89F7141A3E06B /* Pods_glacInitTests.framework in Frameworks */,
			);
			runOnlyForDeploymentPostprocessing = 0;
		};
		7752F6731E50020A003ACC5F /* Frameworks */ = {
			isa = PBXFrameworksBuildPhase;
			buildActionMask = 2147483647;
			files = (
				8536404FE714EB1674500C2A /* Pods_glacInitUITests.framework in Frameworks */,
			);
			runOnlyForDeploymentPostprocessing = 0;
		};
/* End PBXFrameworksBuildPhase section */

/* Begin PBXGroup section */
		2132E47A22D3FA7B00734063 /* LoadedImage */ = {
			isa = PBXGroup;
			children = (
				2132E47D22D3FAC500734063 /* View */,
				2132E47C22D3FABB00734063 /* Model */,
				2132E47B22D3FAB100734063 /* Controller */,
			);
			path = LoadedImage;
			sourceTree = "<group>";
		};
		2132E47B22D3FAB100734063 /* Controller */ = {
			isa = PBXGroup;
			children = (
				2132E47E22D3FAF300734063 /* LoadedImageViewController.swift */,
				2132E48022D3FCD200734063 /* UIExtensions.swift */,
				2132E48222D3FD1700734063 /* UIGenerics.swift */,
			);
			path = Controller;
			sourceTree = "<group>";
		};
		2132E47C22D3FABB00734063 /* Model */ = {
			isa = PBXGroup;
			children = (
				21E2B1F922D79DAE009FD72D /* TitleRegex.swift */,
				21C36EEE22DF71F2009FE967 /* fileDownloadModel.swift */,
			);
			path = Model;
			sourceTree = "<group>";
		};
		2132E47D22D3FAC500734063 /* View */ = {
			isa = PBXGroup;
			children = (
			);
			path = View;
			sourceTree = "<group>";
		};
		21A6BB1122CA86FE009CDAD3 /* BackGroundChange */ = {
			isa = PBXGroup;
			children = (
				21A6BB1322CA8723009CDAD3 /* Model */,
				21A6BB1422CA872D009CDAD3 /* View */,
				21A6BB1222CA8710009CDAD3 /* Controller */,
			);
			path = BackGroundChange;
			sourceTree = "<group>";
		};
		21A6BB1222CA8710009CDAD3 /* Controller */ = {
			isa = PBXGroup;
			children = (
				21A6BB1722CA9422009CDAD3 /* BackgroundChangeController.swift */,
			);
			path = Controller;
			sourceTree = "<group>";
		};
		21A6BB1322CA8723009CDAD3 /* Model */ = {
			isa = PBXGroup;
			children = (
				21A6BB1922CAB19D009CDAD3 /* backgroundImage.swift */,
			);
			path = Model;
			sourceTree = "<group>";
		};
		21A6BB1422CA872D009CDAD3 /* View */ = {
			isa = PBXGroup;
			children = (
				21A6BB1B22CAB714009CDAD3 /* imageCell.swift */,
			);
			path = View;
			sourceTree = "<group>";
		};
		21E13AF722CB8CCB00429F58 /* Services */ = {
			isa = PBXGroup;
			children = (
				030BE09C1F7C1E1F00012B3C /* Regex.swift */,
				21E14244228CBF22004657BA /* Session.swift */,
				21E14242228CBF1A004657BA /* FileObject.swift */,
				2132E47822D38E2600734063 /* importFile.swift */,
				21E2B1FF22DE6683009FD72D /* Networking.swift */,
				21E2B1FB22DD0155009FD72D /* glacInit-Bridging-Header.h */,
			);
			path = Services;
			sourceTree = "<group>";
		};
		21E13AF822CC0CA900429F58 /* ViewController */ = {
			isa = PBXGroup;
			children = (
				21E13AFD22CC0D2800429F58 /* Views */,
				21E13AFC22CC0D2100429F58 /* ViewModels */,
				21E13AFB22CC0D0C00429F58 /* Models */,
				21E13AFA22CC0CFB00429F58 /* Controller */,
			);
			path = ViewController;
			sourceTree = "<group>";
		};
		21E13AF922CC0CC900429F58 /* App */ = {
			isa = PBXGroup;
			children = (
				7752F65E1E50020A003ACC5F /* Main.storyboard */,
				7752F6631E50020A003ACC5F /* LaunchScreen.storyboard */,
				7752F6611E50020A003ACC5F /* Assets.xcassets */,
				7752F65A1E50020A003ACC5F /* AppDelegate.swift */,
			);
			path = App;
			sourceTree = "<group>";
		};
		21E13AFA22CC0CFB00429F58 /* Controller */ = {
			isa = PBXGroup;
			children = (
				7752F65C1E50020A003ACC5F /* ViewController.swift */,
			);
			path = Controller;
			sourceTree = "<group>";
		};
		21E13AFB22CC0D0C00429F58 /* Models */ = {
			isa = PBXGroup;
			children = (
				74E768551F2A2F8500F2FD9C /* CustomPoint.swift */,
				030BE09E1F7C1E3000012B3C /* Matrix.swift */,
				74BCAC3F1F2A41F000CBA0CF /* PatientData.swift */,
			);
			path = Models;
			sourceTree = "<group>";
		};
		21E13AFC22CC0D2100429F58 /* ViewModels */ = {
			isa = PBXGroup;
			children = (
				74BB907C1EDDDC2500628B38 /* CustomObject.swift */,
				21A6BB0F22CA837D009CDAD3 /* ObjectModel.swift */,
			);
			path = ViewModels;
			sourceTree = "<group>";
		};
		21E13AFD22CC0D2800429F58 /* Views */ = {
			isa = PBXGroup;
			children = (
				743AAF1F1EF2F33700EF1745 /* CustomGreyView.swift */,
				21E13AFF22CC0FB300429F58 /* SubImage.swift */,
				74D4067C1EEB5235004F5901 /* CustomViewUpdate.swift */,
				743AAF1D1EF17AFB00EF1745 /* CustomToggle.swift */,
			);
			path = Views;
			sourceTree = "<group>";
		};
		21E13AFE22CC0E0C00429F58 /* Extensions */ = {
			isa = PBXGroup;
			children = (
				77D171D01EAFA0EC00B008B5 /* Extentions.swift */,
			);
			path = Extensions;
			sourceTree = "<group>";
		};
		5E697DDCC56BE1E1A81A68DD /* Pods */ = {
			isa = PBXGroup;
			children = (
				3D970461C6AD33F91841D653 /* Pods-glacInit.debug.xcconfig */,
				4811ECE61C227719ADCE1745 /* Pods-glacInit.release.xcconfig */,
				E3E6FF3B170AD72899324664 /* Pods-glacInitTests.debug.xcconfig */,
				5760E2D06B454BB71A67455E /* Pods-glacInitTests.release.xcconfig */,
				9912BB1BC35276704E37FFEF /* Pods-glacInitUITests.debug.xcconfig */,
				08843755EC2939FFFE785AB5 /* Pods-glacInitUITests.release.xcconfig */,
			);
			name = Pods;
			sourceTree = "<group>";
		};
		7752F64E1E50020A003ACC5F = {
			isa = PBXGroup;
			children = (
				21BA7FB222CCE6AF003DC229 /* Default-568h@2x.png */,
				7752F6591E50020A003ACC5F /* glacInit */,
				7752F66E1E50020A003ACC5F /* glacInitTests */,
				7752F6791E50020A003ACC5F /* glacInitUITests */,
				7752F6581E50020A003ACC5F /* Products */,
				5E697DDCC56BE1E1A81A68DD /* Pods */,
				E80B65CBA42D1B1C7CB5EA34 /* Frameworks */,
			);
			sourceTree = "<group>";
		};
		7752F6581E50020A003ACC5F /* Products */ = {
			isa = PBXGroup;
			children = (
				7752F6571E50020A003ACC5F /* glacInit.app */,
				7752F66B1E50020A003ACC5F /* glacInitTests.xctest */,
				7752F6761E50020A003ACC5F /* glacInitUITests.xctest */,
			);
			name = Products;
			sourceTree = "<group>";
		};
		7752F6591E50020A003ACC5F /* glacInit */ = {
			isa = PBXGroup;
			children = (
				7752F6661E50020A003ACC5F /* Info.plist */,
				21E13AF922CC0CC900429F58 /* App */,
				21E13AF722CB8CCB00429F58 /* Services */,
				2132E47A22D3FA7B00734063 /* LoadedImage */,
				21A6BB1122CA86FE009CDAD3 /* BackGroundChange */,
				21E13AF822CC0CA900429F58 /* ViewController */,
				21E13AFE22CC0E0C00429F58 /* Extensions */,
			);
			path = glacInit;
			sourceTree = "<group>";
		};
		7752F66E1E50020A003ACC5F /* glacInitTests */ = {
			isa = PBXGroup;
			children = (
				7752F6711E50020A003ACC5F /* Info.plist */,
				7752F66F1E50020A003ACC5F /* glacInitTests.swift */,
			);
			path = glacInitTests;
			sourceTree = "<group>";
		};
		7752F6791E50020A003ACC5F /* glacInitUITests */ = {
			isa = PBXGroup;
			children = (
				7752F67A1E50020A003ACC5F /* glacInitUITests.swift */,
				7752F67C1E50020A003ACC5F /* Info.plist */,
			);
			path = glacInitUITests;
			sourceTree = "<group>";
		};
		E80B65CBA42D1B1C7CB5EA34 /* Frameworks */ = {
			isa = PBXGroup;
			children = (
				D1FF6EEF7E87E90F7E13CB4E /* Pods_glacInit.framework */,
				5954356F73D8C979F42E4B76 /* Pods_glacInitTests.framework */,
				671CC94F97E866EBB5CBE4E6 /* Pods_glacInitUITests.framework */,
			);
			name = Frameworks;
			sourceTree = "<group>";
		};
/* End PBXGroup section */

/* Begin PBXNativeTarget section */
		7752F6561E50020A003ACC5F /* glacInit */ = {
			isa = PBXNativeTarget;
			buildConfigurationList = 7752F67F1E50020A003ACC5F /* Build configuration list for PBXNativeTarget "glacInit" */;
			buildPhases = (
				65151007BBC67F2209F140D3 /* [CP] Check Pods Manifest.lock */,
				7752F6531E50020A003ACC5F /* Sources */,
				7752F6541E50020A003ACC5F /* Frameworks */,
				7752F6551E50020A003ACC5F /* Resources */,
				CA1CD510280F62E30CB199B5 /* [CP] Embed Pods Frameworks */,
			);
			buildRules = (
			);
			dependencies = (
			);
			name = glacInit;
			productName = glacInit;
			productReference = 7752F6571E50020A003ACC5F /* glacInit.app */;
			productType = "com.apple.product-type.application";
		};
		7752F66A1E50020A003ACC5F /* glacInitTests */ = {
			isa = PBXNativeTarget;
			buildConfigurationList = 7752F6821E50020A003ACC5F /* Build configuration list for PBXNativeTarget "glacInitTests" */;
			buildPhases = (
				E867B9574F17D946696A12EC /* [CP] Check Pods Manifest.lock */,
				7752F6671E50020A003ACC5F /* Sources */,
				7752F6681E50020A003ACC5F /* Frameworks */,
				7752F6691E50020A003ACC5F /* Resources */,
			);
			buildRules = (
			);
			dependencies = (
				7752F66D1E50020A003ACC5F /* PBXTargetDependency */,
			);
			name = glacInitTests;
			productName = glacInitTests;
			productReference = 7752F66B1E50020A003ACC5F /* glacInitTests.xctest */;
			productType = "com.apple.product-type.bundle.unit-test";
		};
		7752F6751E50020A003ACC5F /* glacInitUITests */ = {
			isa = PBXNativeTarget;
			buildConfigurationList = 7752F6851E50020A003ACC5F /* Build configuration list for PBXNativeTarget "glacInitUITests" */;
			buildPhases = (
				B5B45D06EDFF86D7D694288D /* [CP] Check Pods Manifest.lock */,
				7752F6721E50020A003ACC5F /* Sources */,
				7752F6731E50020A003ACC5F /* Frameworks */,
				7752F6741E50020A003ACC5F /* Resources */,
			);
			buildRules = (
			);
			dependencies = (
				7752F6781E50020A003ACC5F /* PBXTargetDependency */,
			);
			name = glacInitUITests;
			productName = glacInitUITests;
			productReference = 7752F6761E50020A003ACC5F /* glacInitUITests.xctest */;
			productType = "com.apple.product-type.bundle.ui-testing";
		};
/* End PBXNativeTarget section */

/* Begin PBXProject section */
		7752F64F1E50020A003ACC5F /* Project object */ = {
			isa = PBXProject;
			attributes = {
				LastSwiftUpdateCheck = 0820;
				LastUpgradeCheck = 0820;
				ORGANIZATIONNAME = "Parshav Chauhan";
				TargetAttributes = {
					7752F6561E50020A003ACC5F = {
						CreatedOnToolsVersion = 8.2.1;
						DevelopmentTeam = N8TLASBATQ;
						LastSwiftMigration = 1020;
						ProvisioningStyle = Automatic;
					};
					7752F66A1E50020A003ACC5F = {
						CreatedOnToolsVersion = 8.2.1;
						ProvisioningStyle = Automatic;
						TestTargetID = 7752F6561E50020A003ACC5F;
					};
					7752F6751E50020A003ACC5F = {
						CreatedOnToolsVersion = 8.2.1;
						ProvisioningStyle = Automatic;
						TestTargetID = 7752F6561E50020A003ACC5F;
					};
				};
			};
			buildConfigurationList = 7752F6521E50020A003ACC5F /* Build configuration list for PBXProject "glacInit" */;
			compatibilityVersion = "Xcode 3.2";
			developmentRegion = English;
			hasScannedForEncodings = 0;
			knownRegions = (
				English,
				en,
				Base,
			);
			mainGroup = 7752F64E1E50020A003ACC5F;
			productRefGroup = 7752F6581E50020A003ACC5F /* Products */;
			projectDirPath = "";
			projectRoot = "";
			targets = (
				7752F6561E50020A003ACC5F /* glacInit */,
				7752F66A1E50020A003ACC5F /* glacInitTests */,
				7752F6751E50020A003ACC5F /* glacInitUITests */,
			);
		};
/* End PBXProject section */

/* Begin PBXResourcesBuildPhase section */
		7752F6551E50020A003ACC5F /* Resources */ = {
			isa = PBXResourcesBuildPhase;
			buildActionMask = 2147483647;
			files = (
				7752F6651E50020A003ACC5F /* LaunchScreen.storyboard in Resources */,
				21BA7FB322CCE6AF003DC229 /* Default-568h@2x.png in Resources */,
				7752F6621E50020A003ACC5F /* Assets.xcassets in Resources */,
				7752F6601E50020A003ACC5F /* Main.storyboard in Resources */,
			);
			runOnlyForDeploymentPostprocessing = 0;
		};
		7752F6691E50020A003ACC5F /* Resources */ = {
			isa = PBXResourcesBuildPhase;
			buildActionMask = 2147483647;
			files = (
			);
			runOnlyForDeploymentPostprocessing = 0;
		};
		7752F6741E50020A003ACC5F /* Resources */ = {
			isa = PBXResourcesBuildPhase;
			buildActionMask = 2147483647;
			files = (
			);
			runOnlyForDeploymentPostprocessing = 0;
		};
/* End PBXResourcesBuildPhase section */

/* Begin PBXShellScriptBuildPhase section */
		65151007BBC67F2209F140D3 /* [CP] Check Pods Manifest.lock */ = {
			isa = PBXShellScriptBuildPhase;
			buildActionMask = 2147483647;
			files = (
			);
			inputPaths = (
				"${PODS_PODFILE_DIR_PATH}/Podfile.lock",
				"${PODS_ROOT}/Manifest.lock",
			);
			name = "[CP] Check Pods Manifest.lock";
			outputPaths = (
				"$(DERIVED_FILE_DIR)/Pods-glacInit-checkManifestLockResult.txt",
			);
			runOnlyForDeploymentPostprocessing = 0;
			shellPath = /bin/sh;
			shellScript = "diff \"${PODS_PODFILE_DIR_PATH}/Podfile.lock\" \"${PODS_ROOT}/Manifest.lock\" > /dev/null\nif [ $? != 0 ] ; then\n    # print error to STDERR\n    echo \"error: The sandbox is not in sync with the Podfile.lock. Run 'pod install' or update your CocoaPods installation.\" >&2\n    exit 1\nfi\n# This output is used by Xcode 'outputs' to avoid re-running this script phase.\necho \"SUCCESS\" > \"${SCRIPT_OUTPUT_FILE_0}\"\n";
			showEnvVarsInLog = 0;
		};
		B5B45D06EDFF86D7D694288D /* [CP] Check Pods Manifest.lock */ = {
			isa = PBXShellScriptBuildPhase;
			buildActionMask = 2147483647;
			files = (
			);
			inputPaths = (
				"${PODS_PODFILE_DIR_PATH}/Podfile.lock",
				"${PODS_ROOT}/Manifest.lock",
			);
			name = "[CP] Check Pods Manifest.lock";
			outputPaths = (
				"$(DERIVED_FILE_DIR)/Pods-glacInitUITests-checkManifestLockResult.txt",
			);
			runOnlyForDeploymentPostprocessing = 0;
			shellPath = /bin/sh;
			shellScript = "diff \"${PODS_PODFILE_DIR_PATH}/Podfile.lock\" \"${PODS_ROOT}/Manifest.lock\" > /dev/null\nif [ $? != 0 ] ; then\n    # print error to STDERR\n    echo \"error: The sandbox is not in sync with the Podfile.lock. Run 'pod install' or update your CocoaPods installation.\" >&2\n    exit 1\nfi\n# This output is used by Xcode 'outputs' to avoid re-running this script phase.\necho \"SUCCESS\" > \"${SCRIPT_OUTPUT_FILE_0}\"\n";
			showEnvVarsInLog = 0;
		};
		CA1CD510280F62E30CB199B5 /* [CP] Embed Pods Frameworks */ = {
			isa = PBXShellScriptBuildPhase;
			buildActionMask = 2147483647;
			files = (
			);
			inputPaths = (
				"${PODS_ROOT}/Target Support Files/Pods-glacInit/Pods-glacInit-frameworks.sh",
				"${BUILT_PRODUCTS_DIR}/Alamofire/Alamofire.framework",
				"${BUILT_PRODUCTS_DIR}/Reachability/Reachability.framework",
				"${BUILT_PRODUCTS_DIR}/Realm/Realm.framework",
				"${BUILT_PRODUCTS_DIR}/RealmSwift/RealmSwift.framework",
				"${BUILT_PRODUCTS_DIR}/SwiftHSVColorPicker/SwiftHSVColorPicker.framework",
				"${BUILT_PRODUCTS_DIR}/SwiftMessages/SwiftMessages.framework",
				"${BUILT_PRODUCTS_DIR}/SwiftyDropbox/SwiftyDropbox.framework",
				"${BUILT_PRODUCTS_DIR}/VisualEffectView/VisualEffectView.framework",
				"${BUILT_PRODUCTS_DIR}/box-ios-sdk/BoxContentSDK.framework",
			);
			name = "[CP] Embed Pods Frameworks";
			outputPaths = (
				"${TARGET_BUILD_DIR}/${FRAMEWORKS_FOLDER_PATH}/Alamofire.framework",
				"${TARGET_BUILD_DIR}/${FRAMEWORKS_FOLDER_PATH}/Reachability.framework",
				"${TARGET_BUILD_DIR}/${FRAMEWORKS_FOLDER_PATH}/Realm.framework",
				"${TARGET_BUILD_DIR}/${FRAMEWORKS_FOLDER_PATH}/RealmSwift.framework",
				"${TARGET_BUILD_DIR}/${FRAMEWORKS_FOLDER_PATH}/SwiftHSVColorPicker.framework",
				"${TARGET_BUILD_DIR}/${FRAMEWORKS_FOLDER_PATH}/SwiftMessages.framework",
				"${TARGET_BUILD_DIR}/${FRAMEWORKS_FOLDER_PATH}/SwiftyDropbox.framework",
				"${TARGET_BUILD_DIR}/${FRAMEWORKS_FOLDER_PATH}/VisualEffectView.framework",
				"${TARGET_BUILD_DIR}/${FRAMEWORKS_FOLDER_PATH}/BoxContentSDK.framework",
			);
			runOnlyForDeploymentPostprocessing = 0;
			shellPath = /bin/sh;
			shellScript = "\"${PODS_ROOT}/Target Support Files/Pods-glacInit/Pods-glacInit-frameworks.sh\"\n";
			showEnvVarsInLog = 0;
		};
		E867B9574F17D946696A12EC /* [CP] Check Pods Manifest.lock */ = {
			isa = PBXShellScriptBuildPhase;
			buildActionMask = 2147483647;
			files = (
			);
			inputPaths = (
				"${PODS_PODFILE_DIR_PATH}/Podfile.lock",
				"${PODS_ROOT}/Manifest.lock",
			);
			name = "[CP] Check Pods Manifest.lock";
			outputPaths = (
				"$(DERIVED_FILE_DIR)/Pods-glacInitTests-checkManifestLockResult.txt",
			);
			runOnlyForDeploymentPostprocessing = 0;
			shellPath = /bin/sh;
			shellScript = "diff \"${PODS_PODFILE_DIR_PATH}/Podfile.lock\" \"${PODS_ROOT}/Manifest.lock\" > /dev/null\nif [ $? != 0 ] ; then\n    # print error to STDERR\n    echo \"error: The sandbox is not in sync with the Podfile.lock. Run 'pod install' or update your CocoaPods installation.\" >&2\n    exit 1\nfi\n# This output is used by Xcode 'outputs' to avoid re-running this script phase.\necho \"SUCCESS\" > \"${SCRIPT_OUTPUT_FILE_0}\"\n";
			showEnvVarsInLog = 0;
		};
/* End PBXShellScriptBuildPhase section */

/* Begin PBXSourcesBuildPhase section */
		7752F6531E50020A003ACC5F /* Sources */ = {
			isa = PBXSourcesBuildPhase;
			buildActionMask = 2147483647;
			files = (
				21C36EEF22DF71F2009FE967 /* fileDownloadModel.swift in Sources */,
				743AAF1E1EF17AFB00EF1745 /* CustomToggle.swift in Sources */,
				2132E47F22D3FAF300734063 /* LoadedImageViewController.swift in Sources */,
				030BE09D1F7C1E1F00012B3C /* Regex.swift in Sources */,
				74E768561F2A2F8500F2FD9C /* CustomPoint.swift in Sources */,
				7752F65D1E50020A003ACC5F /* ViewController.swift in Sources */,
				21A6BB1C22CAB714009CDAD3 /* imageCell.swift in Sources */,
				21A6BB1022CA837D009CDAD3 /* ObjectModel.swift in Sources */,
				21E13B0022CC0FB300429F58 /* SubImage.swift in Sources */,
				74BCAC401F2A41F000CBA0CF /* PatientData.swift in Sources */,
				030BE09F1F7C1E3000012B3C /* Matrix.swift in Sources */,
				21E14243228CBF1A004657BA /* FileObject.swift in Sources */,
				21E14245228CBF23004657BA /* Session.swift in Sources */,
				2132E47922D38E2600734063 /* importFile.swift in Sources */,
				2132E48322D3FD1700734063 /* UIGenerics.swift in Sources */,
				21A6BB1822CA9422009CDAD3 /* BackgroundChangeController.swift in Sources */,
				7752F65B1E50020A003ACC5F /* AppDelegate.swift in Sources */,
				2132E48122D3FCD200734063 /* UIExtensions.swift in Sources */,
				77D171D11EAFA0EC00B008B5 /* Extentions.swift in Sources */,
				21A6BB1A22CAB19D009CDAD3 /* backgroundImage.swift in Sources */,
				743AAF201EF2F33700EF1745 /* CustomGreyView.swift in Sources */,
				74BB907D1EDDDC2500628B38 /* CustomObject.swift in Sources */,
				21E2B20022DE6683009FD72D /* Networking.swift in Sources */,
				74D4067D1EEB5235004F5901 /* CustomViewUpdate.swift in Sources */,
				21E2B1FA22D79DAE009FD72D /* TitleRegex.swift in Sources */,
			);
			runOnlyForDeploymentPostprocessing = 0;
		};
		7752F6671E50020A003ACC5F /* Sources */ = {
			isa = PBXSourcesBuildPhase;
			buildActionMask = 2147483647;
			files = (
				7752F6701E50020A003ACC5F /* glacInitTests.swift in Sources */,
			);
			runOnlyForDeploymentPostprocessing = 0;
		};
		7752F6721E50020A003ACC5F /* Sources */ = {
			isa = PBXSourcesBuildPhase;
			buildActionMask = 2147483647;
			files = (
				7752F67B1E50020A003ACC5F /* glacInitUITests.swift in Sources */,
			);
			runOnlyForDeploymentPostprocessing = 0;
		};
/* End PBXSourcesBuildPhase section */

/* Begin PBXTargetDependency section */
		7752F66D1E50020A003ACC5F /* PBXTargetDependency */ = {
			isa = PBXTargetDependency;
			target = 7752F6561E50020A003ACC5F /* glacInit */;
			targetProxy = 7752F66C1E50020A003ACC5F /* PBXContainerItemProxy */;
		};
		7752F6781E50020A003ACC5F /* PBXTargetDependency */ = {
			isa = PBXTargetDependency;
			target = 7752F6561E50020A003ACC5F /* glacInit */;
			targetProxy = 7752F6771E50020A003ACC5F /* PBXContainerItemProxy */;
		};
/* End PBXTargetDependency section */

/* Begin PBXVariantGroup section */
		7752F65E1E50020A003ACC5F /* Main.storyboard */ = {
			isa = PBXVariantGroup;
			children = (
				7752F65F1E50020A003ACC5F /* Base */,
			);
			name = Main.storyboard;
			sourceTree = "<group>";
		};
		7752F6631E50020A003ACC5F /* LaunchScreen.storyboard */ = {
			isa = PBXVariantGroup;
			children = (
				7752F6641E50020A003ACC5F /* Base */,
			);
			name = LaunchScreen.storyboard;
			sourceTree = "<group>";
		};
/* End PBXVariantGroup section */

/* Begin XCBuildConfiguration section */
		7752F67D1E50020A003ACC5F /* Debug */ = {
			isa = XCBuildConfiguration;
			buildSettings = {
				ALWAYS_SEARCH_USER_PATHS = NO;
				CLANG_ANALYZER_NONNULL = YES;
				CLANG_CXX_LANGUAGE_STANDARD = "gnu++0x";
				CLANG_CXX_LIBRARY = "libc++";
				CLANG_ENABLE_MODULES = YES;
				CLANG_ENABLE_OBJC_ARC = YES;
				CLANG_WARN_BOOL_CONVERSION = YES;
				CLANG_WARN_CONSTANT_CONVERSION = YES;
				CLANG_WARN_DIRECT_OBJC_ISA_USAGE = YES_ERROR;
				CLANG_WARN_DOCUMENTATION_COMMENTS = YES;
				CLANG_WARN_EMPTY_BODY = YES;
				CLANG_WARN_ENUM_CONVERSION = YES;
				CLANG_WARN_INFINITE_RECURSION = YES;
				CLANG_WARN_INT_CONVERSION = YES;
				CLANG_WARN_OBJC_ROOT_CLASS = YES_ERROR;
				CLANG_WARN_SUSPICIOUS_MOVE = YES;
				CLANG_WARN_UNREACHABLE_CODE = YES;
				CLANG_WARN__DUPLICATE_METHOD_MATCH = YES;
				"CODE_SIGN_IDENTITY[sdk=iphoneos*]" = "iPhone Developer";
				COPY_PHASE_STRIP = NO;
				DEBUG_INFORMATION_FORMAT = dwarf;
				ENABLE_STRICT_OBJC_MSGSEND = YES;
				ENABLE_TESTABILITY = YES;
				GCC_C_LANGUAGE_STANDARD = gnu99;
				GCC_DYNAMIC_NO_PIC = NO;
				GCC_NO_COMMON_BLOCKS = YES;
				GCC_OPTIMIZATION_LEVEL = 0;
				GCC_PREPROCESSOR_DEFINITIONS = (
					"DEBUG=1",
					"$(inherited)",
				);
				GCC_WARN_64_TO_32_BIT_CONVERSION = YES;
				GCC_WARN_ABOUT_RETURN_TYPE = YES_ERROR;
				GCC_WARN_UNDECLARED_SELECTOR = YES;
				GCC_WARN_UNINITIALIZED_AUTOS = YES_AGGRESSIVE;
				GCC_WARN_UNUSED_FUNCTION = YES;
				GCC_WARN_UNUSED_VARIABLE = YES;
				IPHONEOS_DEPLOYMENT_TARGET = 12.0;
				MTL_ENABLE_DEBUG_INFO = YES;
				ONLY_ACTIVE_ARCH = YES;
				SDKROOT = iphoneos;
				SWIFT_ACTIVE_COMPILATION_CONDITIONS = DEBUG;
				SWIFT_OPTIMIZATION_LEVEL = "-Onone";
				TARGETED_DEVICE_FAMILY = "1,2";
			};
			name = Debug;
		};
		7752F67E1E50020A003ACC5F /* Release */ = {
			isa = XCBuildConfiguration;
			buildSettings = {
				ALWAYS_SEARCH_USER_PATHS = NO;
				CLANG_ANALYZER_NONNULL = YES;
				CLANG_CXX_LANGUAGE_STANDARD = "gnu++0x";
				CLANG_CXX_LIBRARY = "libc++";
				CLANG_ENABLE_MODULES = YES;
				CLANG_ENABLE_OBJC_ARC = YES;
				CLANG_WARN_BOOL_CONVERSION = YES;
				CLANG_WARN_CONSTANT_CONVERSION = YES;
				CLANG_WARN_DIRECT_OBJC_ISA_USAGE = YES_ERROR;
				CLANG_WARN_DOCUMENTATION_COMMENTS = YES;
				CLANG_WARN_EMPTY_BODY = YES;
				CLANG_WARN_ENUM_CONVERSION = YES;
				CLANG_WARN_INFINITE_RECURSION = YES;
				CLANG_WARN_INT_CONVERSION = YES;
				CLANG_WARN_OBJC_ROOT_CLASS = YES_ERROR;
				CLANG_WARN_SUSPICIOUS_MOVE = YES;
				CLANG_WARN_UNREACHABLE_CODE = YES;
				CLANG_WARN__DUPLICATE_METHOD_MATCH = YES;
				"CODE_SIGN_IDENTITY[sdk=iphoneos*]" = "iPhone Developer";
				COPY_PHASE_STRIP = NO;
				DEBUG_INFORMATION_FORMAT = "dwarf-with-dsym";
				ENABLE_NS_ASSERTIONS = NO;
				ENABLE_STRICT_OBJC_MSGSEND = YES;
				GCC_C_LANGUAGE_STANDARD = gnu99;
				GCC_NO_COMMON_BLOCKS = YES;
				GCC_WARN_64_TO_32_BIT_CONVERSION = YES;
				GCC_WARN_ABOUT_RETURN_TYPE = YES_ERROR;
				GCC_WARN_UNDECLARED_SELECTOR = YES;
				GCC_WARN_UNINITIALIZED_AUTOS = YES_AGGRESSIVE;
				GCC_WARN_UNUSED_FUNCTION = YES;
				GCC_WARN_UNUSED_VARIABLE = YES;
				IPHONEOS_DEPLOYMENT_TARGET = 12.0;
				MTL_ENABLE_DEBUG_INFO = NO;
				SDKROOT = iphoneos;
				SWIFT_OPTIMIZATION_LEVEL = "-Owholemodule";
				TARGETED_DEVICE_FAMILY = "1,2";
				VALIDATE_PRODUCT = YES;
			};
			name = Release;
		};
		7752F6801E50020A003ACC5F /* Debug */ = {
			isa = XCBuildConfiguration;
			baseConfigurationReference = 3D970461C6AD33F91841D653 /* Pods-glacInit.debug.xcconfig */;
			buildSettings = {
				ASSETCATALOG_COMPILER_APPICON_NAME = AppIcon;
				CLANG_ENABLE_MODULES = YES;
				"CODE_SIGN_IDENTITY[sdk=iphoneos*]" = "iPhone Developer";
				DEVELOPMENT_TEAM = N8TLASBATQ;
				EMBED_ASSET_PACKS_IN_PRODUCT_BUNDLE = YES;
				FRAMEWORK_SEARCH_PATHS = (
					"$(inherited)",
					"$(PROJECT_DIR)",
				);
				INFOPLIST_FILE = glacInit/Info.plist;
				IPHONEOS_DEPLOYMENT_TARGET = 12.0;
				LD_RUNPATH_SEARCH_PATHS = "$(inherited) @executable_path/Frameworks";
				PRODUCT_BUNDLE_IDENTIFIER = edu.unomaha.ist.ios.glac.dev;
				PRODUCT_NAME = "$(TARGET_NAME)";
				PROVISIONING_PROFILE_SPECIFIER = "";
				SWIFT_OBJC_BRIDGING_HEADER = "glacInit/Services/glacInit-Bridging-Header.h";
				SWIFT_OPTIMIZATION_LEVEL = "-Onone";
				SWIFT_VERSION = 5.0;
			};
			name = Debug;
		};
		7752F6811E50020A003ACC5F /* Release */ = {
			isa = XCBuildConfiguration;
			baseConfigurationReference = 4811ECE61C227719ADCE1745 /* Pods-glacInit.release.xcconfig */;
			buildSettings = {
				ASSETCATALOG_COMPILER_APPICON_NAME = AppIcon;
				CLANG_ENABLE_MODULES = YES;
				"CODE_SIGN_IDENTITY[sdk=iphoneos*]" = "iPhone Developer";
				DEVELOPMENT_TEAM = N8TLASBATQ;
				EMBED_ASSET_PACKS_IN_PRODUCT_BUNDLE = YES;
				FRAMEWORK_SEARCH_PATHS = (
					"$(inherited)",
					"$(PROJECT_DIR)",
				);
				INFOPLIST_FILE = glacInit/Info.plist;
				IPHONEOS_DEPLOYMENT_TARGET = 12.0;
				LD_RUNPATH_SEARCH_PATHS = "$(inherited) @executable_path/Frameworks";
				PRODUCT_BUNDLE_IDENTIFIER = edu.unomaha.ist.ios.glac.dev;
				PRODUCT_NAME = "$(TARGET_NAME)";
				PROVISIONING_PROFILE_SPECIFIER = "";
				SWIFT_OBJC_BRIDGING_HEADER = "glacInit/Services/glacInit-Bridging-Header.h";
				SWIFT_VERSION = 5.0;
			};
			name = Release;
		};
		7752F6831E50020A003ACC5F /* Debug */ = {
			isa = XCBuildConfiguration;
			baseConfigurationReference = E3E6FF3B170AD72899324664 /* Pods-glacInitTests.debug.xcconfig */;
			buildSettings = {
				ALWAYS_EMBED_SWIFT_STANDARD_LIBRARIES = YES;
				BUNDLE_LOADER = "$(TEST_HOST)";
				INFOPLIST_FILE = glacInitTests/Info.plist;
				LD_RUNPATH_SEARCH_PATHS = "$(inherited) @executable_path/Frameworks @loader_path/Frameworks";
				PRODUCT_BUNDLE_IDENTIFIER = com.pvc.glacInitTests;
				PRODUCT_NAME = "$(TARGET_NAME)";
				SWIFT_VERSION = 5.0;
				TEST_HOST = "$(BUILT_PRODUCTS_DIR)/glacInit.app/glacInit";
			};
			name = Debug;
		};
		7752F6841E50020A003ACC5F /* Release */ = {
			isa = XCBuildConfiguration;
			baseConfigurationReference = 5760E2D06B454BB71A67455E /* Pods-glacInitTests.release.xcconfig */;
			buildSettings = {
				ALWAYS_EMBED_SWIFT_STANDARD_LIBRARIES = YES;
				BUNDLE_LOADER = "$(TEST_HOST)";
				INFOPLIST_FILE = glacInitTests/Info.plist;
				LD_RUNPATH_SEARCH_PATHS = "$(inherited) @executable_path/Frameworks @loader_path/Frameworks";
				PRODUCT_BUNDLE_IDENTIFIER = com.pvc.glacInitTests;
				PRODUCT_NAME = "$(TARGET_NAME)";
				SWIFT_VERSION = 5.0;
				TEST_HOST = "$(BUILT_PRODUCTS_DIR)/glacInit.app/glacInit";
			};
			name = Release;
		};
		7752F6861E50020A003ACC5F /* Debug */ = {
			isa = XCBuildConfiguration;
			baseConfigurationReference = 9912BB1BC35276704E37FFEF /* Pods-glacInitUITests.debug.xcconfig */;
			buildSettings = {
				ALWAYS_EMBED_SWIFT_STANDARD_LIBRARIES = YES;
				INFOPLIST_FILE = glacInitUITests/Info.plist;
				LD_RUNPATH_SEARCH_PATHS = "$(inherited) @executable_path/Frameworks @loader_path/Frameworks";
				PRODUCT_BUNDLE_IDENTIFIER = com.pvc.glacInitUITests;
				PRODUCT_NAME = "$(TARGET_NAME)";
				SWIFT_VERSION = 5.0;
				TEST_TARGET_NAME = glacInit;
			};
			name = Debug;
		};
		7752F6871E50020A003ACC5F /* Release */ = {
			isa = XCBuildConfiguration;
			baseConfigurationReference = 08843755EC2939FFFE785AB5 /* Pods-glacInitUITests.release.xcconfig */;
			buildSettings = {
				ALWAYS_EMBED_SWIFT_STANDARD_LIBRARIES = YES;
				INFOPLIST_FILE = glacInitUITests/Info.plist;
				LD_RUNPATH_SEARCH_PATHS = "$(inherited) @executable_path/Frameworks @loader_path/Frameworks";
				PRODUCT_BUNDLE_IDENTIFIER = com.pvc.glacInitUITests;
				PRODUCT_NAME = "$(TARGET_NAME)";
				SWIFT_VERSION = 5.0;
				TEST_TARGET_NAME = glacInit;
			};
			name = Release;
		};
/* End XCBuildConfiguration section */

/* Begin XCConfigurationList section */
		7752F6521E50020A003ACC5F /* Build configuration list for PBXProject "glacInit" */ = {
			isa = XCConfigurationList;
			buildConfigurations = (
				7752F67D1E50020A003ACC5F /* Debug */,
				7752F67E1E50020A003ACC5F /* Release */,
			);
			defaultConfigurationIsVisible = 0;
			defaultConfigurationName = Release;
		};
		7752F67F1E50020A003ACC5F /* Build configuration list for PBXNativeTarget "glacInit" */ = {
			isa = XCConfigurationList;
			buildConfigurations = (
				7752F6801E50020A003ACC5F /* Debug */,
				7752F6811E50020A003ACC5F /* Release */,
			);
			defaultConfigurationIsVisible = 0;
			defaultConfigurationName = Release;
		};
		7752F6821E50020A003ACC5F /* Build configuration list for PBXNativeTarget "glacInitTests" */ = {
			isa = XCConfigurationList;
			buildConfigurations = (
				7752F6831E50020A003ACC5F /* Debug */,
				7752F6841E50020A003ACC5F /* Release */,
			);
			defaultConfigurationIsVisible = 0;
			defaultConfigurationName = Release;
		};
		7752F6851E50020A003ACC5F /* Build configuration list for PBXNativeTarget "glacInitUITests" */ = {
			isa = XCConfigurationList;
			buildConfigurations = (
				7752F6861E50020A003ACC5F /* Debug */,
				7752F6871E50020A003ACC5F /* Release */,
			);
			defaultConfigurationIsVisible = 0;
			defaultConfigurationName = Release;
		};
/* End XCConfigurationList section */
	};
	rootObject = 7752F64F1E50020A003ACC5F /* Project object */;
}
